dependencies:
  atanisoft/esp_lcd_ili9488:
    component_hash: 1bbdbec8ae5b5c32db45ace2c19a8d79c0eaa919209ce190a0be3dada703ddcf
    dependencies:
    - name: idf
      require: private
      version: '>=4.4.2'
    source:
      registry_url: https://components.espressif.com/
      type: service
    version: 1.1.1
  espressif/esp_new_jpeg:
    component_hash: e1e7e6991193c41ed6c9fc386702aa7821433319e7aa9c3147cd3236310cd69c
    dependencies: []
    source:
      registry_url: https://components.espressif.com/
      type: service
    targets:
    - esp32
    - esp32s2
    - esp32s3
    - esp32s31
    - esp32p4
    - esp32c2
    - esp32c3
    - esp32c5
    - esp32c6
    - esp32c61
    - esp32h4
    version: 1.0.2
  idf:
    source:
      type: idf
    version: 6.0.2
direct_dependencies:
- atanisoft/esp_lcd_ili9488
- espressif/esp_new_jpeg
- idf
manifest_hash: 625a2ba83fbd58d2548d3889e8cca51e7c15aa19eb21f76142b2cc59d8c8de55
target: esp32s3
version: 3.0.0
